// generated by milpa; reproducible build snapshot
version 1
strategy "maxver"

dep "nelli" {
    source {
        kind "git"
        url (url)"https://github.com/coreyleavitt/nelli"
        ref "v0.5.3"
    }
    identity "dag-sha256:ed53d22b45039009f82088aec082fe6eaa33d9388d1718ca3ec60b57834363f8"
    version "0.4.0"
    declared_version_source "manifest"
    src_dir "src"
    requires "z3"
    provenance {
        origin "observed"
        kind "git"
        url "https://github.com/coreyleavitt/nelli.git"
        ref "v0.5.3"
        commit_sha "0bd8ba0a77c27e68d56dd63d0c7c9ab854d26af7"
    }
}

dep "oyamel" {
    source {
        kind "git"
        url (url)"https://github.com/coreyleavitt/oyamel"
        ref "736c937665373ffa27d55b000f20a2c9ae702d77"
    }
    identity "dag-sha256:30028eb82a5c21c034d48460c96a502e60c006712935498226ac2f4d66aeac50"
    version "0.1.0"
    declared_version_source "nimble"
    src_dir "src"
    requires
    provenance {
        origin "observed"
        kind "git"
        url "https://github.com/coreyleavitt/oyamel.git"
        ref "736c937665373ffa27d55b000f20a2c9ae702d77"
        commit_sha "736c937665373ffa27d55b000f20a2c9ae702d77"
    }
}

dep "softlink" {
    source {
        kind "git"
        url (url)"https://github.com/coreyleavitt/softlink"
        ref "v0.12.3"
    }
    identity "dag-sha256:d5fadf4f1a8834b1311fef3813c9a7f19efadb0640ab84efbea8cff5e1d3e807"
    version "0.12.3"
    declared_version_source "nimble"
    src_dir "src"
    requires
    provenance {
        origin "observed"
        kind "git"
        url "https://github.com/coreyleavitt/softlink.git"
        ref "v0.12.3"
        commit_sha "a467a8ce846993aee10153a160f9d663f3d68c12"
    }
}

dep "z3" {
    source {
        kind "git"
        url (url)"https://github.com/coreyleavitt/nim-z3"
        ref "main"
    }
    identity "dag-sha256:4b821e23af9e1a0b8ba1699a19171e82b37bbc683eef0bb78895dd4af72aecd6"
    version "0.0.0"
    src_dir "src"
    requires "softlink"
    provenance {
        origin "observed"
        kind "git"
        url "https://github.com/coreyleavitt/nim-z3.git"
        ref "main"
        commit_sha "7d9abdaefecce2e4175354a73b047e2548dd2a19"
    }
}
