// generated by milpa; reproducible build snapshot
version 1
strategy "maxver"

dep "NiGui" {
    identity "dag-sha256:e7423b5680c11ec5517e339f433eba0dbee6234740a1b2eeba948b16c82f11dd"
    version "0.0.1"
    src_dir "src"
    requires
    provenance {
        origin "observed"
        kind "git"
        url "https://github.com/coreyleavitt/NiGui.git"
        ref "master"
        commit_sha "76dbaf06286680717495ced0ee347ee25ca835eb"
    }
}

dep "proptest" {
    identity "dag-sha256:303185696041ed15e1595ff06b9939a74fdeb4c1284ed86315e89c1a8be7284e"
    version "0.0.1"
    src_dir "src"
    requires "softlink"
    provenance {
        origin "observed"
        kind "git"
        url "https://github.com/coreyleavitt/proptest.git"
        ref "main"
        commit_sha "14cf5007502bbfcb61c238c5b3503cdb56eeda58"
    }
}

dep "softlink" {
    identity "dag-sha256:765a414b7a6bbb56e62dcdec9a26f000a059a53ddecb998f8c5b820ce8fcb9f3"
    version "0.0.1"
    src_dir "src"
    requires
    provenance {
        origin "observed"
        kind "git"
        url "https://github.com/coreyleavitt/softlink.git"
        ref "main"
        commit_sha "7be4d350991f8387b0f84153596e48405ed180d8"
    }
}
