// generated by milpa; reproducible build snapshot
version 1
strategy "maxver"

dep "NiGui" {
    source {
        kind "git"
        url (url)"https://github.com/coreyleavitt/NiGui"
        ref "master"
    }
    identity "dag-sha256:e7423b5680c11ec5517e339f433eba0dbee6234740a1b2eeba948b16c82f11dd"
    version "0.2.8"
    declared_version_source "nimble"
    src_dir "src"
    requires
    provenance {
        origin "observed"
        kind "git"
        url "https://github.com/coreyleavitt/NiGui.git"
        ref "master"
        commit_sha "76dbaf06286680717495ced0ee347ee25ca835eb"
    }
}

dep "nelli" {
    source {
        kind "git"
        url (url)"https://github.com/coreyleavitt/nelli"
        ref "v0.4.1"
    }
    identity "dag-sha256:136e49e4d475fa5795066684c2389222fc98befb03e6ebca15c046bf215ac5be"
    version "0.4.0"
    declared_version_source "manifest"
    src_dir "src"
    requires "z3"
    provenance {
        origin "observed"
        kind "git"
        url "https://github.com/coreyleavitt/nelli.git"
        ref "v0.4.1"
        commit_sha "cdb475654239f3b1b1407fbda8db1697f17d41f6"
    }
}

dep "softlink" {
    source {
        kind "git"
        url (url)"https://github.com/coreyleavitt/softlink"
        ref "v0.11.1"
    }
    identity "dag-sha256:2f1a4cfba684ff907927d09b504bae854d5d41253344bd5d5e72aa16a74fa764"
    version "0.11.1"
    declared_version_source "nimble"
    src_dir "src"
    requires
    provenance {
        origin "observed"
        kind "git"
        url "https://github.com/coreyleavitt/softlink.git"
        ref "v0.11.1"
        commit_sha "321b13c0c70de340d646876affe0ca8939a5c8f3"
    }
}

dep "z3" {
    source {
        kind "git"
        url (url)"https://github.com/coreyleavitt/nim-z3"
        ref "main"
    }
    identity "dag-sha256:4b821e23af9e1a0b8ba1699a19171e82b37bbc683eef0bb78895dd4af72aecd6"
    version "0.0.0"
    src_dir "src"
    requires "softlink"
    provenance {
        origin "observed"
        kind "git"
        url "https://github.com/coreyleavitt/nim-z3.git"
        ref "main"
        commit_sha "7d9abdaefecce2e4175354a73b047e2548dd2a19"
    }
}
